{
  "name": "storybook-host-shared",
  "lockfileVersion": 3,
  "requires": true,
  "packages": {
    "": {
      "devDependencies": {
        "@storybook/addon-themes": "^7.6.4"
      }
    },
    "node_modules/@storybook/addon-themes": {
      "version": "7.6.4",
      "resolved": "https://registry.npmjs.org/@storybook/addon-themes/-/addon-themes-7.6.4.tgz",
      "integrity": "sha512-jz6/6LSRVgL9G5vknxROGOakXAsTIIl2sR7tkuC4gyGkCIGwvb9oO9jUaHkUHQ8rtcLXbVpFncQzUXmrwK6CGg==",
      "dev": true,
      "dependencies": {
        "ts-dedent": "^2.0.0"
      },
      "funding": {
        "type": "opencollective",
        "url": "https://opencollective.com/storybook"
      }
    },
    "node_modules/ts-dedent": {
      "version": "2.2.0",
      "resolved": "https://registry.npmjs.org/ts-dedent/-/ts-dedent-2.2.0.tgz",
      "integrity": "sha512-q5W7tVM71e2xjHZTlgfTDoPF/SmqKG5hddq9SzR49CH2hayqRKJtQ4mtRlSxKaJlR/+9rEM+mnBHf7I2/BQcpQ==",
      "dev": true,
      "engines": {
        "node": ">=6.10"
      }
    }
  }
}
